
Microsoft Visual Studio Solution File, Format Version 12.00
# Visual Studio Version 16
VisualStudioVersion = 16.0.30611.23
MinimumVisualStudioVersion = 10.0.40219.1
Project("{2150E333-8FDC-42A3-9474-1A3956D46DE8}") = "Day1", "Day1", "{AA7ABE14-D700-49F1-AF7A-B4D09ACC6C34}"
EndProject
Project("{9A19103F-16F7-4668-BE54-9A1E7A4F7556}") = "AdventOfCode2020.Day1", "AdventOfCode2020.Day1\AdventOfCode2020.Day1.csproj", "{DB69B25A-A8F9-4921-9257-EF5D70BCF5C5}"
EndProject
Project("{2150E333-8FDC-42A3-9474-1A3956D46DE8}") = "Day2", "Day2", "{ED11ECD1-D54C-4736-9718-6118BBE34AF7}"
EndProject
Project("{9A19103F-16F7-4668-BE54-9A1E7A4F7556}") = "AdventOfCode2020.Day2", "AdventOfCode2020.Day2\AdventOfCode2020.Day2.csproj", "{178E35E9-ECB3-4530-9905-E5C83983ECA1}"
EndProject
Project("{2150E333-8FDC-42A3-9474-1A3956D46DE8}") = "Day3", "Day3", "{A0908BC0-1B8E-45AC-9AC1-9B37BD921589}"
EndProject
Project("{9A19103F-16F7-4668-BE54-9A1E7A4F7556}") = "AdventOfCode2020.Day3", "AdventOfCode2020.Day3\AdventOfCode2020.Day3.csproj", "{D120511D-850B-4008-981F-A42FCFACC4EE}"
EndProject
Project("{2150E333-8FDC-42A3-9474-1A3956D46DE8}") = "Day4", "Day4", "{1FCA0A3C-69F7-4D43-9F34-929F9C401EA8}"
EndProject
Project("{9A19103F-16F7-4668-BE54-9A1E7A4F7556}") = "AdventOfCode2020.Day4", "AdventOfCode2020.Day4\AdventOfCode2020.Day4.csproj", "{F4B0F82E-285A-459C-9E93-9035C3709429}"
EndProject
Project("{2150E333-8FDC-42A3-9474-1A3956D46DE8}") = "Day5", "Day5", "{CBA00B0B-57EE-4A0A-BB2A-419A6069334D}"
EndProject
Project("{9A19103F-16F7-4668-BE54-9A1E7A4F7556}") = "AdventOfCode2020.Day5", "AdventOfCode2020.Day5\AdventOfCode2020.Day5.csproj", "{01EEB5EA-D592-47B4-91BF-D6BB22D9986F}"
EndProject
Project("{2150E333-8FDC-42A3-9474-1A3956D46DE8}") = "Day6", "Day6", "{C466B461-AA0B-4A41-B56D-B68566BA29BE}"
EndProject
Project("{9A19103F-16F7-4668-BE54-9A1E7A4F7556}") = "AdventOfCode2020.Day6", "AdventOfCode2020.Day6\AdventOfCode2020.Day6.csproj", "{5CA8922D-428C-468B-9BC0-CC27EC2E8D16}"
EndProject
Project("{2150E333-8FDC-42A3-9474-1A3956D46DE8}") = "Day7", "Day7", "{BDAEC154-D1A5-42F0-8AD2-BB8E7BCCA9E0}"
EndProject
Project("{9A19103F-16F7-4668-BE54-9A1E7A4F7556}") = "AdventOfCode2020.Day7", "AdventOfCode2020.Day7\AdventOfCode2020.Day7.csproj", "{0AA52C4E-6BEB-4F6F-9537-9F18C353C5DD}"
EndProject
Project("{2150E333-8FDC-42A3-9474-1A3956D46DE8}") = "Day8", "Day8", "{74DF7ED9-7D2E-4F29-BD1A-FF0A5B64CC66}"
EndProject
Project("{FAE04EC0-301F-11D3-BF4B-00C04F79EFBC}") = "AdventOfCode2020.Day8", "AdventOfCode2020.Day8\AdventOfCode2020.Day8.csproj", "{3E86C29E-D911-442E-9E57-5638582275C6}"
EndProject
Global
	GlobalSection(SolutionConfigurationPlatforms) = preSolution
		Debug|Any CPU = Debug|Any CPU
		Release|Any CPU = Release|Any CPU
	EndGlobalSection
	GlobalSection(ProjectConfigurationPlatforms) = postSolution
		{DB69B25A-A8F9-4921-9257-EF5D70BCF5C5}.Debug|Any CPU.ActiveCfg = Debug|Any CPU
		{DB69B25A-A8F9-4921-9257-EF5D70BCF5C5}.Debug|Any CPU.Build.0 = Debug|Any CPU
		{DB69B25A-A8F9-4921-9257-EF5D70BCF5C5}.Release|Any CPU.ActiveCfg = Release|Any CPU
		{DB69B25A-A8F9-4921-9257-EF5D70BCF5C5}.Release|Any CPU.Build.0 = Release|Any CPU
		{178E35E9-ECB3-4530-9905-E5C83983ECA1}.Debug|Any CPU.ActiveCfg = Debug|Any CPU
		{178E35E9-ECB3-4530-9905-E5C83983ECA1}.Debug|Any CPU.Build.0 = Debug|Any CPU
		{178E35E9-ECB3-4530-9905-E5C83983ECA1}.Release|Any CPU.ActiveCfg = Release|Any CPU
		{178E35E9-ECB3-4530-9905-E5C83983ECA1}.Release|Any CPU.Build.0 = Release|Any CPU
		{D120511D-850B-4008-981F-A42FCFACC4EE}.Debug|Any CPU.ActiveCfg = Debug|Any CPU
		{D120511D-850B-4008-981F-A42FCFACC4EE}.Debug|Any CPU.Build.0 = Debug|Any CPU
		{D120511D-850B-4008-981F-A42FCFACC4EE}.Release|Any CPU.ActiveCfg = Release|Any CPU
		{D120511D-850B-4008-981F-A42FCFACC4EE}.Release|Any CPU.Build.0 = Release|Any CPU
		{F4B0F82E-285A-459C-9E93-9035C3709429}.Debug|Any CPU.ActiveCfg = Debug|Any CPU
		{F4B0F82E-285A-459C-9E93-9035C3709429}.Debug|Any CPU.Build.0 = Debug|Any CPU
		{F4B0F82E-285A-459C-9E93-9035C3709429}.Release|Any CPU.ActiveCfg = Release|Any CPU
		{F4B0F82E-285A-459C-9E93-9035C3709429}.Release|Any CPU.Build.0 = Release|Any CPU
		{01EEB5EA-D592-47B4-91BF-D6BB22D9986F}.Debug|Any CPU.ActiveCfg = Debug|Any CPU
		{01EEB5EA-D592-47B4-91BF-D6BB22D9986F}.Debug|Any CPU.Build.0 = Debug|Any CPU
		{01EEB5EA-D592-47B4-91BF-D6BB22D9986F}.Release|Any CPU.ActiveCfg = Release|Any CPU
		{01EEB5EA-D592-47B4-91BF-D6BB22D9986F}.Release|Any CPU.Build.0 = Release|Any CPU
		{5CA8922D-428C-468B-9BC0-CC27EC2E8D16}.Debug|Any CPU.ActiveCfg = Debug|Any CPU
		{5CA8922D-428C-468B-9BC0-CC27EC2E8D16}.Debug|Any CPU.Build.0 = Debug|Any CPU
		{5CA8922D-428C-468B-9BC0-CC27EC2E8D16}.Release|Any CPU.ActiveCfg = Release|Any CPU
		{5CA8922D-428C-468B-9BC0-CC27EC2E8D16}.Release|Any CPU.Build.0 = Release|Any CPU
		{0AA52C4E-6BEB-4F6F-9537-9F18C353C5DD}.Debug|Any CPU.ActiveCfg = Debug|Any CPU
		{0AA52C4E-6BEB-4F6F-9537-9F18C353C5DD}.Debug|Any CPU.Build.0 = Debug|Any CPU
		{0AA52C4E-6BEB-4F6F-9537-9F18C353C5DD}.Release|Any CPU.ActiveCfg = Release|Any CPU
		{0AA52C4E-6BEB-4F6F-9537-9F18C353C5DD}.Release|Any CPU.Build.0 = Release|Any CPU
		{3E86C29E-D911-442E-9E57-5638582275C6}.Debug|Any CPU.ActiveCfg = Debug|Any CPU
		{3E86C29E-D911-442E-9E57-5638582275C6}.Debug|Any CPU.Build.0 = Debug|Any CPU
		{3E86C29E-D911-442E-9E57-5638582275C6}.Release|Any CPU.ActiveCfg = Release|Any CPU
		{3E86C29E-D911-442E-9E57-5638582275C6}.Release|Any CPU.Build.0 = Release|Any CPU
	EndGlobalSection
	GlobalSection(SolutionProperties) = preSolution
		HideSolutionNode = FALSE
	EndGlobalSection
	GlobalSection(NestedProjects) = preSolution
		{DB69B25A-A8F9-4921-9257-EF5D70BCF5C5} = {AA7ABE14-D700-49F1-AF7A-B4D09ACC6C34}
		{178E35E9-ECB3-4530-9905-E5C83983ECA1} = {ED11ECD1-D54C-4736-9718-6118BBE34AF7}
		{D120511D-850B-4008-981F-A42FCFACC4EE} = {A0908BC0-1B8E-45AC-9AC1-9B37BD921589}
		{F4B0F82E-285A-459C-9E93-9035C3709429} = {1FCA0A3C-69F7-4D43-9F34-929F9C401EA8}
		{01EEB5EA-D592-47B4-91BF-D6BB22D9986F} = {CBA00B0B-57EE-4A0A-BB2A-419A6069334D}
		{5CA8922D-428C-468B-9BC0-CC27EC2E8D16} = {C466B461-AA0B-4A41-B56D-B68566BA29BE}
		{0AA52C4E-6BEB-4F6F-9537-9F18C353C5DD} = {BDAEC154-D1A5-42F0-8AD2-BB8E7BCCA9E0}
		{3E86C29E-D911-442E-9E57-5638582275C6} = {74DF7ED9-7D2E-4F29-BD1A-FF0A5B64CC66}
	EndGlobalSection
	GlobalSection(ExtensibilityGlobals) = postSolution
		SolutionGuid = {DCF733D4-A50F-4A39-87FD-2B0FBA780CC7}
	EndGlobalSection
EndGlobal
